{"1.2.0",
[{<<"epgsql">>,{pkg,<<"epgsql">>,<<"3.4.0">>},2},
 {<<"erlydtl">>,{pkg,<<"erlydtl">>,<<"0.13.1">>},1},
 {<<"fs">>,{pkg,<<"fs">>,<<"6.1.1">>},1},
 {<<"pgpool">>,{pkg,<<"pgpool">>,<<"2.1.0">>},1},
 {<<"poolboy">>,{pkg,<<"poolboy">>,<<"1.5.2">>},2},
 {<<"sync">>,{pkg,<<"sync">>,<<"0.2.0">>},0}]}.
[
{pkg_hash,[
 {<<"epgsql">>, <<"39D473B83D74329A88F8FB1F99AD24C7A2329FD753957C488808CB7C0FC8164E">>},
 {<<"erlydtl">>, <<"91481928557544C843E2B33F8AA17693F16B65EEBC9EF08C71EBE90CBD1A84F1">>},
 {<<"fs">>, <<"9D147B944D60CFA48A349F12D06C8EE71128F610C90870BDF9A6773206452ED0">>},
 {<<"pgpool">>, <<"B1DE32679CF0E55F335546CD794FADB8289AE51488A83B7FD416D2A10F6E86C8">>},
 {<<"poolboy">>, <<"392B007A1693A64540CEAD79830443ABF5762F5D30CF50BC95CB2C1AAAFA006B">>},
 {<<"sync">>, <<"0F9A488CCDDEA1F6D4010A220C5FCEAF229EF2C4CB37890D9A384464769F50D3">>}]},
{pkg_hash_ext,[
 {<<"epgsql">>, <<"5D370C2B007888E1009F27CD7AB346EC4000DC14BF3AD190029BDA19AB9D782D">>},
 {<<"erlydtl">>, <<"A366C4CD32E8B54D7D0825AA51EF6A12C35D6D558BEFFC276275AD335B1FDBED">>},
 {<<"fs">>, <<"EF94E95FFE79916860649FED80AC62B04C322B0BB70F5128144C026B4D171F8B">>},
 {<<"pgpool">>, <<"CEF1A94D01EE5F5EDE463EAE3A66DFAE3255B0D9D398CFB081B5406B1A594535">>},
 {<<"poolboy">>, <<"DAD79704CE5440F3D5A3681C8590B9DC25D1A561E8F5A9C995281012860901E3">>},
 {<<"sync">>, <<"13D922B9719B491C39A0DCB0717640FD3027C9C84D6A53A28C1EE24B3A128350">>}]}
].
